
Microsoft Visual Studio Solution File, Format Version 12.00
# Visual Studio Version 17
VisualStudioVersion = 17.7.34031.279
MinimumVisualStudioVersion = 10.0.40219.1
Project("{FAE04EC0-301F-11D3-BF4B-00C04F79EFBC}") = "QAForum", "QAForum\QAForum.csproj", "{8D5A2B79-CC85-4431-BEED-90BB5D21BFFE}"
EndProject
Project("{FAE04EC0-301F-11D3-BF4B-00C04F79EFBC}") = "SeedDatabase", "SeedDatabase\SeedDatabase.csproj", "{6328B7D8-8345-4F4E-B5CF-AAD987A76954}"
EndProject
Global
	GlobalSection(SolutionConfigurationPlatforms) = preSolution
		Debug|Any CPU = Debug|Any CPU
		Release|Any CPU = Release|Any CPU
	EndGlobalSection
	GlobalSection(ProjectConfigurationPlatforms) = postSolution
		{8D5A2B79-CC85-4431-BEED-90BB5D21BFFE}.Debug|Any CPU.ActiveCfg = Debug|Any CPU
		{8D5A2B79-CC85-4431-BEED-90BB5D21BFFE}.Debug|Any CPU.Build.0 = Debug|Any CPU
		{8D5A2B79-CC85-4431-BEED-90BB5D21BFFE}.Release|Any CPU.ActiveCfg = Release|Any CPU
		{8D5A2B79-CC85-4431-BEED-90BB5D21BFFE}.Release|Any CPU.Build.0 = Release|Any CPU
		{6328B7D8-8345-4F4E-B5CF-AAD987A76954}.Debug|Any CPU.ActiveCfg = Debug|Any CPU
		{6328B7D8-8345-4F4E-B5CF-AAD987A76954}.Debug|Any CPU.Build.0 = Debug|Any CPU
		{6328B7D8-8345-4F4E-B5CF-AAD987A76954}.Release|Any CPU.ActiveCfg = Release|Any CPU
		{6328B7D8-8345-4F4E-B5CF-AAD987A76954}.Release|Any CPU.Build.0 = Release|Any CPU
	EndGlobalSection
	GlobalSection(SolutionProperties) = preSolution
		HideSolutionNode = FALSE
	EndGlobalSection
	GlobalSection(ExtensibilityGlobals) = postSolution
		SolutionGuid = {977FC41D-A4E3-4CE1-9ABE-16E1A9BA83E1}
	EndGlobalSection
EndGlobal
