
Microsoft Visual Studio Solution File, Format Version 12.00
# Visual Studio Version 17
VisualStudioVersion = 17.8.34330.188
MinimumVisualStudioVersion = 10.0.40219.1
Project("{FAE04EC0-301F-11D3-BF4B-00C04F79EFBC}") = "CarLibrary", "CarLibrary\CarLibrary.csproj", "{1367F4AF-8CDA-4267-B72B-60B8B4463B78}"
EndProject
Project("{FAE04EC0-301F-11D3-BF4B-00C04F79EFBC}") = "CarConsole", "CarConsole\CarConsole.csproj", "{783A7211-1D32-43C5-95AB-EE72BCBFAC53}"
EndProject
Global
	GlobalSection(SolutionConfigurationPlatforms) = preSolution
		Debug|Any CPU = Debug|Any CPU
		Release|Any CPU = Release|Any CPU
	EndGlobalSection
	GlobalSection(ProjectConfigurationPlatforms) = postSolution
		{1367F4AF-8CDA-4267-B72B-60B8B4463B78}.Debug|Any CPU.ActiveCfg = Debug|Any CPU
		{1367F4AF-8CDA-4267-B72B-60B8B4463B78}.Debug|Any CPU.Build.0 = Debug|Any CPU
		{1367F4AF-8CDA-4267-B72B-60B8B4463B78}.Release|Any CPU.ActiveCfg = Release|Any CPU
		{1367F4AF-8CDA-4267-B72B-60B8B4463B78}.Release|Any CPU.Build.0 = Release|Any CPU
		{783A7211-1D32-43C5-95AB-EE72BCBFAC53}.Debug|Any CPU.ActiveCfg = Debug|Any CPU
		{783A7211-1D32-43C5-95AB-EE72BCBFAC53}.Debug|Any CPU.Build.0 = Debug|Any CPU
		{783A7211-1D32-43C5-95AB-EE72BCBFAC53}.Release|Any CPU.ActiveCfg = Release|Any CPU
		{783A7211-1D32-43C5-95AB-EE72BCBFAC53}.Release|Any CPU.Build.0 = Release|Any CPU
	EndGlobalSection
	GlobalSection(SolutionProperties) = preSolution
		HideSolutionNode = FALSE
	EndGlobalSection
	GlobalSection(ExtensibilityGlobals) = postSolution
		SolutionGuid = {9F1E043A-86EE-44D8-A4C7-7AC2890F82A8}
	EndGlobalSection
EndGlobal
